
Microsoft Visual Studio Solution File, Format Version 12.00
# Visual Studio Version 17
VisualStudioVersion = 17.9.34728.123
MinimumVisualStudioVersion = 10.0.40219.1
Project("{2150E333-8FDC-42A3-9474-1A3956D46DE8}") = "Workflows", "Workflows", "{ACBA1825-0166-47E5-9548-3C2F0EC9880C}"
	ProjectSection(SolutionItems) = preProject
		.github\workflows\build.yml = .github\workflows\build.yml
		.github\workflows\publish.yml = .github\workflows\publish.yml
		.github\workflows\test.yml = .github\workflows\test.yml
	EndProjectSection
EndProject
Project("{9A19103F-16F7-4668-BE54-9A1E7A4F7556}") = "CLIFramework", "CLIFramework\CLIFramework.csproj", "{A43C817D-453A-4774-92C4-8228EEE3115A}"
EndProject
Project("{9A19103F-16F7-4668-BE54-9A1E7A4F7556}") = "CLIFramework.Tests", "CLIFramework.Tests\CLIFramework.Tests.csproj", "{75580137-D3BC-4953-9B68-02B2405F55A8}"
EndProject
Global
	GlobalSection(SolutionConfigurationPlatforms) = preSolution
		Debug|Any CPU = Debug|Any CPU
		Debug|ARM32 = Debug|ARM32
		Debug|ARM64 = Debug|ARM64
		Debug|x64 = Debug|x64
		Debug|x86 = Debug|x86
		Release|Any CPU = Release|Any CPU
		Release|ARM32 = Release|ARM32
		Release|ARM64 = Release|ARM64
		Release|x64 = Release|x64
		Release|x86 = Release|x86
	EndGlobalSection
	GlobalSection(ProjectConfigurationPlatforms) = postSolution
		{A43C817D-453A-4774-92C4-8228EEE3115A}.Debug|Any CPU.ActiveCfg = Debug|Any CPU
		{A43C817D-453A-4774-92C4-8228EEE3115A}.Debug|Any CPU.Build.0 = Debug|Any CPU
		{A43C817D-453A-4774-92C4-8228EEE3115A}.Debug|ARM32.ActiveCfg = Debug|ARM32
		{A43C817D-453A-4774-92C4-8228EEE3115A}.Debug|ARM32.Build.0 = Debug|ARM32
		{A43C817D-453A-4774-92C4-8228EEE3115A}.Debug|ARM64.ActiveCfg = Debug|ARM64
		{A43C817D-453A-4774-92C4-8228EEE3115A}.Debug|ARM64.Build.0 = Debug|ARM64
		{A43C817D-453A-4774-92C4-8228EEE3115A}.Debug|x64.ActiveCfg = Debug|x64
		{A43C817D-453A-4774-92C4-8228EEE3115A}.Debug|x64.Build.0 = Debug|x64
		{A43C817D-453A-4774-92C4-8228EEE3115A}.Debug|x86.ActiveCfg = Debug|x86
		{A43C817D-453A-4774-92C4-8228EEE3115A}.Debug|x86.Build.0 = Debug|x86
		{A43C817D-453A-4774-92C4-8228EEE3115A}.Release|Any CPU.ActiveCfg = Release|Any CPU
		{A43C817D-453A-4774-92C4-8228EEE3115A}.Release|Any CPU.Build.0 = Release|Any CPU
		{A43C817D-453A-4774-92C4-8228EEE3115A}.Release|ARM32.ActiveCfg = Release|ARM32
		{A43C817D-453A-4774-92C4-8228EEE3115A}.Release|ARM32.Build.0 = Release|ARM32
		{A43C817D-453A-4774-92C4-8228EEE3115A}.Release|ARM64.ActiveCfg = Release|ARM64
		{A43C817D-453A-4774-92C4-8228EEE3115A}.Release|ARM64.Build.0 = Release|ARM64
		{A43C817D-453A-4774-92C4-8228EEE3115A}.Release|x64.ActiveCfg = Release|x64
		{A43C817D-453A-4774-92C4-8228EEE3115A}.Release|x64.Build.0 = Release|x64
		{A43C817D-453A-4774-92C4-8228EEE3115A}.Release|x86.ActiveCfg = Release|x86
		{A43C817D-453A-4774-92C4-8228EEE3115A}.Release|x86.Build.0 = Release|x86
		{75580137-D3BC-4953-9B68-02B2405F55A8}.Debug|Any CPU.ActiveCfg = Debug|Any CPU
		{75580137-D3BC-4953-9B68-02B2405F55A8}.Debug|Any CPU.Build.0 = Debug|Any CPU
		{75580137-D3BC-4953-9B68-02B2405F55A8}.Debug|ARM32.ActiveCfg = Debug|ARM32
		{75580137-D3BC-4953-9B68-02B2405F55A8}.Debug|ARM32.Build.0 = Debug|ARM32
		{75580137-D3BC-4953-9B68-02B2405F55A8}.Debug|ARM64.ActiveCfg = Debug|ARM64
		{75580137-D3BC-4953-9B68-02B2405F55A8}.Debug|ARM64.Build.0 = Debug|ARM64
		{75580137-D3BC-4953-9B68-02B2405F55A8}.Debug|x64.ActiveCfg = Debug|x64
		{75580137-D3BC-4953-9B68-02B2405F55A8}.Debug|x64.Build.0 = Debug|x64
		{75580137-D3BC-4953-9B68-02B2405F55A8}.Debug|x86.ActiveCfg = Debug|x86
		{75580137-D3BC-4953-9B68-02B2405F55A8}.Debug|x86.Build.0 = Debug|x86
		{75580137-D3BC-4953-9B68-02B2405F55A8}.Release|Any CPU.ActiveCfg = Release|Any CPU
		{75580137-D3BC-4953-9B68-02B2405F55A8}.Release|Any CPU.Build.0 = Release|Any CPU
		{75580137-D3BC-4953-9B68-02B2405F55A8}.Release|ARM32.ActiveCfg = Release|ARM32
		{75580137-D3BC-4953-9B68-02B2405F55A8}.Release|ARM32.Build.0 = Release|ARM32
		{75580137-D3BC-4953-9B68-02B2405F55A8}.Release|ARM64.ActiveCfg = Release|ARM64
		{75580137-D3BC-4953-9B68-02B2405F55A8}.Release|ARM64.Build.0 = Release|ARM64
		{75580137-D3BC-4953-9B68-02B2405F55A8}.Release|x64.ActiveCfg = Release|x64
		{75580137-D3BC-4953-9B68-02B2405F55A8}.Release|x64.Build.0 = Release|x64
		{75580137-D3BC-4953-9B68-02B2405F55A8}.Release|x86.ActiveCfg = Release|x86
		{75580137-D3BC-4953-9B68-02B2405F55A8}.Release|x86.Build.0 = Release|x86
	EndGlobalSection
	GlobalSection(SolutionProperties) = preSolution
		HideSolutionNode = FALSE
	EndGlobalSection
	GlobalSection(ExtensibilityGlobals) = postSolution
		SolutionGuid = {AFB3CF49-1969-4181-9C26-FA8CF8E10C7A}
	EndGlobalSection
EndGlobal
